<?xml version="1.0" encoding="utf-8"?>
<Project ToolsVersion="4.0" xmlns="http://schemas.microsoft.com/developer/msbuild/2003">
  <ItemGroup>
    <Filter Include="Arquivos de Origem">
      <UniqueIdentifier>{4FC737F1-C7A5-4376-A066-2A32D752A2FF}</UniqueIdentifier>
      <Extensions>cpp;c;cc;cxx;c++;cppm;ixx;def;odl;idl;hpj;bat;asm;asmx</Extensions>
    </Filter>
    <Filter Include="Arquivos de Cabeçalho">
      <UniqueIdentifier>{93995380-89BD-4b04-88EB-625FBE52EBFB}</UniqueIdentifier>
      <Extensions>h;hh;hpp;hxx;h++;hm;inl;inc;ipp;xsd</Extensions>
    </Filter>
    <Filter Include="Arquivos de Recurso">
      <UniqueIdentifier>{67DA6AB6-F800-4c08-8B7A-83BB121AAD01}</UniqueIdentifier>
      <Extensions>rc;ico;cur;bmp;dlg;rc2;rct;bin;rgs;gif;jpg;jpeg;jpe;resx;tiff;tif;png;wav;mfcribbon-ms</Extensions>
    </Filter>
    <Filter Include="Arquivos de Cabeçalho\Gerenciadores">
      <UniqueIdentifier>{a610a145-5452-427e-811c-892dea0eebfb}</UniqueIdentifier>
    </Filter>
    <Filter Include="Arquivos de Cabeçalho\Entidades">
      <UniqueIdentifier>{0ed7384e-4d97-4c83-96c7-d5f34719eb64}</UniqueIdentifier>
    </Filter>
    <Filter Include="Arquivos de Cabeçalho\Entidades\Personagens">
      <UniqueIdentifier>{1bba7c9c-3675-4d6e-924a-ad745a354d08}</UniqueIdentifier>
    </Filter>
    <Filter Include="Arquivos de Cabeçalho\Entidades\Obstaculos">
      <UniqueIdentifier>{a96d1ef9-cdea-4bac-a6ec-43cd765c598e}</UniqueIdentifier>
    </Filter>
    <Filter Include="Arquivos de Origem\Gerenciadores">
      <UniqueIdentifier>{d9001146-98f2-4db0-8e72-7ab9c768e31a}</UniqueIdentifier>
    </Filter>
    <Filter Include="Arquivos de Origem\Entidades">
      <UniqueIdentifier>{ff38a100-29b8-4962-a414-ce60485dcdd3}</UniqueIdentifier>
    </Filter>
    <Filter Include="Arquivos de Origem\Entidades\Personagens">
      <UniqueIdentifier>{e3e19af9-1a40-4713-aa4b-4b97ee18df21}</UniqueIdentifier>
    </Filter>
    <Filter Include="Arquivos de Origem\Entidades\Obstaculos">
      <UniqueIdentifier>{9f16a527-8350-4204-bd0f-4295a404fb99}</UniqueIdentifier>
    </Filter>
    <Filter Include="Arquivos de Cabeçalho\Fases">
      <UniqueIdentifier>{1460eef1-c811-4bb0-9dd0-f49528d44332}</UniqueIdentifier>
    </Filter>
    <Filter Include="Arquivos de Origem\Fases">
      <UniqueIdentifier>{0ca02ae2-4db9-422b-905e-c7e2c0e96ce2}</UniqueIdentifier>
    </Filter>
    <Filter Include="Arquivos de Origem\Menus">
      <UniqueIdentifier>{f3d79bd7-a437-4a7b-8fd1-22a257bcfcaf}</UniqueIdentifier>
    </Filter>
    <Filter Include="Arquivos de Cabeçalho\Menus">
      <UniqueIdentifier>{e187a65d-7549-496b-ba0c-6ad0a60d8797}</UniqueIdentifier>
    </Filter>
    <Filter Include="Arquivos de Cabeçalho\Listas">
      <UniqueIdentifier>{22dbe087-6d68-4698-8a03-eb9096c3165f}</UniqueIdentifier>
    </Filter>
    <Filter Include="Arquivos de Origem\Listas">
      <UniqueIdentifier>{37b2e0bb-e973-4e39-a20b-375eab9d13ea}</UniqueIdentifier>
    </Filter>
  </ItemGroup>
  <ItemGroup>
    <ClCompile Include="Ente.cpp">
      <Filter>Arquivos de Origem</Filter>
    </ClCompile>
    <ClCompile Include="main.cpp">
      <Filter>Arquivos de Origem</Filter>
    </ClCompile>
    <ClCompile Include="Jogo.cpp">
      <Filter>Arquivos de Origem</Filter>
    </ClCompile>
    <ClCompile Include="Gerenciador_Grafico.cpp">
      <Filter>Arquivos de Origem\Gerenciadores</Filter>
    </ClCompile>
    <ClCompile Include="Gerenciador_Colisoes.cpp">
      <Filter>Arquivos de Origem\Gerenciadores</Filter>
    </ClCompile>
    <ClCompile Include="Gerenciador_Eventos.cpp">
      <Filter>Arquivos de Origem\Gerenciadores</Filter>
    </ClCompile>
    <ClCompile Include="Entidade.cpp">
      <Filter>Arquivos de Origem\Entidades</Filter>
    </ClCompile>
    <ClCompile Include="Projetil.cpp">
      <Filter>Arquivos de Origem\Entidades</Filter>
    </ClCompile>
    <ClCompile Include="Jogador.cpp">
      <Filter>Arquivos de Origem\Entidades\Personagens</Filter>
    </ClCompile>
    <ClCompile Include="Inimigo.cpp">
      <Filter>Arquivos de Origem\Entidades\Personagens</Filter>
    </ClCompile>
    <ClCompile Include="Obstaculo.cpp">
      <Filter>Arquivos de Origem\Entidades\Obstaculos</Filter>
    </ClCompile>
    <ClCompile Include="Obstaculo_Facil.cpp">
      <Filter>Arquivos de Origem\Entidades\Obstaculos</Filter>
    </ClCompile>
    <ClCompile Include="Obstaculo_Medio.cpp">
      <Filter>Arquivos de Origem\Entidades\Obstaculos</Filter>
    </ClCompile>
    <ClCompile Include="Obstaculo_Dificil.cpp">
      <Filter>Arquivos de Origem\Entidades\Obstaculos</Filter>
    </ClCompile>
    <ClCompile Include="Primeira_Fase.cpp">
      <Filter>Arquivos de Origem\Fases</Filter>
    </ClCompile>
    <ClCompile Include="Segunda_Fase.cpp">
      <Filter>Arquivos de Origem\Fases</Filter>
    </ClCompile>
    <ClCompile Include="Personagem.cpp">
      <Filter>Arquivos de Origem\Entidades\Personagens</Filter>
    </ClCompile>
    <ClCompile Include="Fase.cpp">
      <Filter>Arquivos de Origem\Fases</Filter>
    </ClCompile>
    <ClCompile Include="Menu.cpp">
      <Filter>Arquivos de Origem\Menus</Filter>
    </ClCompile>
    <ClCompile Include="ListaEntidades.cpp">
      <Filter>Arquivos de Origem\Listas</Filter>
    </ClCompile>
  </ItemGroup>
  <ItemGroup>
    <ClInclude Include="Jogo.h">
      <Filter>Arquivos de Cabeçalho</Filter>
    </ClInclude>
    <ClInclude Include="libraries.h">
      <Filter>Arquivos de Cabeçalho</Filter>
    </ClInclude>
    <ClInclude Include="Gerenciador_Grafico.h">
      <Filter>Arquivos de Cabeçalho\Gerenciadores</Filter>
    </ClInclude>
    <ClInclude Include="Gerenciador_Colisoes.h">
      <Filter>Arquivos de Cabeçalho\Gerenciadores</Filter>
    </ClInclude>
    <ClInclude Include="Gerenciador_Eventos.h">
      <Filter>Arquivos de Cabeçalho\Gerenciadores</Filter>
    </ClInclude>
    <ClInclude Include="Ente.h">
      <Filter>Arquivos de Cabeçalho</Filter>
    </ClInclude>
    <ClInclude Include="Entidade.h">
      <Filter>Arquivos de Cabeçalho\Entidades</Filter>
    </ClInclude>
    <ClInclude Include="Projetil.h">
      <Filter>Arquivos de Cabeçalho\Entidades</Filter>
    </ClInclude>
    <ClInclude Include="Personagem.h">
      <Filter>Arquivos de Cabeçalho\Entidades\Personagens</Filter>
    </ClInclude>
    <ClInclude Include="Inimigo.h">
      <Filter>Arquivos de Cabeçalho\Entidades\Personagens</Filter>
    </ClInclude>
    <ClInclude Include="Jogador.h">
      <Filter>Arquivos de Cabeçalho\Entidades\Personagens</Filter>
    </ClInclude>
    <ClInclude Include="Obstaculo.h">
      <Filter>Arquivos de Cabeçalho\Entidades\Obstaculos</Filter>
    </ClInclude>
    <ClInclude Include="Obstaculo_Medio.h">
      <Filter>Arquivos de Cabeçalho\Entidades\Obstaculos</Filter>
    </ClInclude>
    <ClInclude Include="Obstaculo_Dificil.h">
      <Filter>Arquivos de Cabeçalho\Entidades\Obstaculos</Filter>
    </ClInclude>
    <ClInclude Include="Fase.h">
      <Filter>Arquivos de Cabeçalho\Fases</Filter>
    </ClInclude>
    <ClInclude Include="Obstaculo_Facil.h">
      <Filter>Arquivos de Cabeçalho\Entidades\Obstaculos</Filter>
    </ClInclude>
    <ClInclude Include="Primeira_Fase.h">
      <Filter>Arquivos de Cabeçalho\Fases</Filter>
    </ClInclude>
    <ClInclude Include="Segunda_Fase.h">
      <Filter>Arquivos de Cabeçalho\Fases</Filter>
    </ClInclude>
    <ClInclude Include="Menu.h">
      <Filter>Arquivos de Cabeçalho\Menus</Filter>
    </ClInclude>
    <ClInclude Include="Lista.h">
      <Filter>Arquivos de Cabeçalho\Listas</Filter>
    </ClInclude>
    <ClInclude Include="ListaEntidades.h">
      <Filter>Arquivos de Cabeçalho\Listas</Filter>
    </ClInclude>
  </ItemGroup>
</Project>