<?xml version="1.0" encoding="utf-8"?>
<Project ToolsVersion="4.0" xmlns="http://schemas.microsoft.com/developer/msbuild/2003">
  <ItemGroup>
    <ClCompile Include="ControleJogador.cpp">
      <Filter>Sources\Controle</Filter>
    </ClCompile>
    <ClCompile Include="ControleMenu.cpp">
      <Filter>Sources\Controle</Filter>
    </ClCompile>
    <ClCompile Include="Entidade.cpp">
      <Filter>Sources\Entidade</Filter>
    </ClCompile>
    <ClCompile Include="Entidade_Dinamica.cpp">
      <Filter>Sources\Entidade</Filter>
    </ClCompile>
    <ClCompile Include="Espinhos.cpp">
      <Filter>Sources\Entidade\Obstaculo</Filter>
    </ClCompile>
    <ClCompile Include="Ente.cpp">
      <Filter>Sources</Filter>
    </ClCompile>
    <ClCompile Include="Estado.cpp">
      <Filter>Sources\Estados</Filter>
    </ClCompile>
    <ClCompile Include="Fase.cpp">
      <Filter>Sources\Fases</Filter>
    </ClCompile>
    <ClCompile Include="GameState.cpp">
      <Filter>Sources\Estados</Filter>
    </ClCompile>
    <ClCompile Include="Gerenciador_Colisoes.cpp">
      <Filter>Sources\Gerenciadores</Filter>
    </ClCompile>
    <ClCompile Include="Gerenciador_Estados.cpp">
      <Filter>Sources\Gerenciadores</Filter>
    </ClCompile>
    <ClCompile Include="Gerenciador_Eventos.cpp">
      <Filter>Sources\Gerenciadores</Filter>
    </ClCompile>
    <ClCompile Include="Gerenciador_Grafico.cpp">
      <Filter>Sources\Gerenciadores</Filter>
    </ClCompile>
    <ClCompile Include="Gerenciador_Inputs.cpp">
      <Filter>Sources\Gerenciadores</Filter>
    </ClCompile>
    <ClCompile Include="Jogador.cpp">
      <Filter>Sources\Entidade\Personagem</Filter>
    </ClCompile>
    <ClCompile Include="Jogo.cpp">
      <Filter>Sources</Filter>
    </ClCompile>
    <ClCompile Include="ListaEntidades.cpp">
      <Filter>Sources\Listas</Filter>
    </ClCompile>
    <ClCompile Include="main.cpp">
      <Filter>Sources</Filter>
    </ClCompile>
    <ClCompile Include="Menu.cpp">
      <Filter>Sources\Menu</Filter>
    </ClCompile>
    <ClCompile Include="MenuFases.cpp">
      <Filter>Sources\Menu</Filter>
    </ClCompile>
    <ClCompile Include="MenuPrincipal.cpp">
      <Filter>Sources\Menu</Filter>
    </ClCompile>
    <ClCompile Include="MenuRanking.cpp">
      <Filter>Sources\Menu</Filter>
    </ClCompile>
    <ClCompile Include="Obstaculo.cpp">
      <Filter>Sources\Entidade\Obstaculo</Filter>
    </ClCompile>
    <ClCompile Include="Personagem.cpp">
      <Filter>Sources\Entidade\Personagem</Filter>
    </ClCompile>
    <ClCompile Include="Plataforma.cpp">
      <Filter>Sources\Entidade\Obstaculo</Filter>
    </ClCompile>
    <ClCompile Include="Segunda_Fase.cpp">
      <Filter>Sources\Fases</Filter>
    </ClCompile>
    <ClCompile Include="Primeira_Fase.cpp">
      <Filter>Sources\Fases</Filter>
    </ClCompile>
    <ClCompile Include="Poca_Lagrima.cpp">
      <Filter>Sources\Entidade\Obstaculo</Filter>
    </ClCompile>
    <ClCompile Include="Projetil.cpp">
      <Filter>Sources\Entidade</Filter>
    </ClCompile>
    <ClCompile Include="Raiva.cpp">
      <Filter>Sources\Entidade\Personagem\Inimigo</Filter>
    </ClCompile>
    <ClCompile Include="Tristeza.cpp">
      <Filter>Sources\Entidade\Personagem\Inimigo</Filter>
    </ClCompile>
    <ClCompile Include="Vinganca.cpp">
      <Filter>Sources\Entidade\Personagem\Inimigo</Filter>
    </ClCompile>
    <ClCompile Include="Inimigo.cpp">
      <Filter>Sources\Entidade\Personagem\Inimigo</Filter>
    </ClCompile>
    <ClCompile Include="MenuPause.cpp">
      <Filter>Sources\Menu</Filter>
    </ClCompile>
    <ClCompile Include="Selecao.cpp">
      <Filter>Sources\Menu</Filter>
    </ClCompile>
    <ClCompile Include="Botao.cpp">
      <Filter>Sources\Menu</Filter>
    </ClCompile>
  </ItemGroup>
  <ItemGroup>
    <ClInclude Include="ControleJogador.h">
      <Filter>Headers\Controle</Filter>
    </ClInclude>
    <ClInclude Include="ControleMenu.h">
      <Filter>Headers\Controle</Filter>
    </ClInclude>
    <ClInclude Include="Controller.h">
      <Filter>Headers\Controle</Filter>
    </ClInclude>
    <ClInclude Include="Constants.h">
      <Filter>Headers</Filter>
    </ClInclude>
    <ClInclude Include="Ente.h">
      <Filter>Headers</Filter>
    </ClInclude>
    <ClInclude Include="Entidade.h">
      <Filter>Headers\Entidade</Filter>
    </ClInclude>
    <ClInclude Include="Entidade_Dinamica.h">
      <Filter>Headers\Entidade</Filter>
    </ClInclude>
    <ClInclude Include="Espinhos.h">
      <Filter>Headers\Entidade\Obstaculo</Filter>
    </ClInclude>
    <ClInclude Include="Gerenciador_Colisoes.h">
      <Filter>Headers\Gerenciadores</Filter>
    </ClInclude>
    <ClInclude Include="Gerenciador_Estados.h">
      <Filter>Headers\Gerenciadores</Filter>
    </ClInclude>
    <ClInclude Include="Gerenciador_Eventos.h">
      <Filter>Headers\Gerenciadores</Filter>
    </ClInclude>
    <ClInclude Include="Gerenciador_Grafico.h">
      <Filter>Headers\Gerenciadores</Filter>
    </ClInclude>
    <ClInclude Include="Gerenciador_Inputs.h">
      <Filter>Headers\Gerenciadores</Filter>
    </ClInclude>
    <ClInclude Include="Estado.h">
      <Filter>Headers\Estados</Filter>
    </ClInclude>
    <ClInclude Include="Fase.h">
      <Filter>Headers\Fases</Filter>
    </ClInclude>
    <ClInclude Include="GameState.h">
      <Filter>Headers\Estados</Filter>
    </ClInclude>
    <ClInclude Include="Globals.h">
      <Filter>Headers</Filter>
    </ClInclude>
    <ClInclude Include="Jogador.h">
      <Filter>Headers\Entidade\Personagem</Filter>
    </ClInclude>
    <ClInclude Include="Jogo.h">
      <Filter>Headers</Filter>
    </ClInclude>
    <ClInclude Include="Inimigo.h">
      <Filter>Headers\Entidade\Personagem\Inimigo</Filter>
    </ClInclude>
    <ClInclude Include="Lista.h">
      <Filter>Headers\Listas</Filter>
    </ClInclude>
    <ClInclude Include="ListaEntidades.h">
      <Filter>Headers\Listas</Filter>
    </ClInclude>
    <ClInclude Include="Menu.h">
      <Filter>Headers\Menu</Filter>
    </ClInclude>
    <ClInclude Include="MenuFases.h">
      <Filter>Headers\Menu</Filter>
    </ClInclude>
    <ClInclude Include="MenuPrincipal.h">
      <Filter>Headers\Menu</Filter>
    </ClInclude>
    <ClInclude Include="MenuRanking.h">
      <Filter>Headers\Menu</Filter>
    </ClInclude>
    <ClInclude Include="Obstaculo.h">
      <Filter>Headers\Entidade\Obstaculo</Filter>
    </ClInclude>
    <ClInclude Include="Personagem.h">
      <Filter>Headers\Entidade\Personagem</Filter>
    </ClInclude>
    <ClInclude Include="Plataforma.h">
      <Filter>Headers\Entidade\Obstaculo</Filter>
    </ClInclude>
    <ClInclude Include="Poca_Lagrima.h">
      <Filter>Headers\Entidade\Obstaculo</Filter>
    </ClInclude>
    <ClInclude Include="Primeira_Fase.h">
      <Filter>Headers\Fases</Filter>
    </ClInclude>
    <ClInclude Include="Segunda_Fase.h">
      <Filter>Headers\Fases</Filter>
    </ClInclude>
    <ClInclude Include="Projetil.h">
      <Filter>Headers\Entidade</Filter>
    </ClInclude>
    <ClInclude Include="Raiva.h">
      <Filter>Headers\Entidade\Personagem\Inimigo</Filter>
    </ClInclude>
    <ClInclude Include="Tristeza.h">
      <Filter>Headers\Entidade\Personagem\Inimigo</Filter>
    </ClInclude>
    <ClInclude Include="Vector2D.h">
      <Filter>Headers</Filter>
    </ClInclude>
    <ClInclude Include="Vinganca.h">
      <Filter>Headers\Entidade\Personagem\Inimigo</Filter>
    </ClInclude>
    <ClInclude Include="MenuPause.h">
      <Filter>Headers\Menu</Filter>
    </ClInclude>
    <ClInclude Include="Selecao.h">
      <Filter>Headers\Menu</Filter>
    </ClInclude>
    <ClInclude Include="Botao.h">
      <Filter>Headers\Menu</Filter>
    </ClInclude>
  </ItemGroup>
  <ItemGroup>
    <Filter Include="Sources">
      <UniqueIdentifier>{b967a4d2-25a2-441d-8269-68ce4044a1cf}</UniqueIdentifier>
    </Filter>
    <Filter Include="Sources\Controle">
      <UniqueIdentifier>{b1bf45da-9723-49e9-911b-dc54c23dd076}</UniqueIdentifier>
    </Filter>
    <Filter Include="Headers">
      <UniqueIdentifier>{e9fd645b-be1a-42fd-baa1-a3e10f273803}</UniqueIdentifier>
    </Filter>
    <Filter Include="Sources\Entidade">
      <UniqueIdentifier>{d2fb0d25-a327-4edf-b01d-a6a6f66cb71c}</UniqueIdentifier>
    </Filter>
    <Filter Include="Sources\Entidade\Personagem">
      <UniqueIdentifier>{c05d9fbc-1073-42c9-b37e-e72cf67fb639}</UniqueIdentifier>
    </Filter>
    <Filter Include="Sources\Entidade\Obstaculo">
      <UniqueIdentifier>{a0e80e42-2fbc-4a65-8954-ec69cad08632}</UniqueIdentifier>
    </Filter>
    <Filter Include="Sources\Estados">
      <UniqueIdentifier>{9df73a0c-a774-4a6a-8748-04ffebdc96af}</UniqueIdentifier>
    </Filter>
    <Filter Include="Sources\Fases">
      <UniqueIdentifier>{fc2a9f52-a67e-40f5-8b41-147b91e3dd40}</UniqueIdentifier>
    </Filter>
    <Filter Include="Sources\Gerenciadores">
      <UniqueIdentifier>{96dfe290-9464-4def-a608-e235f5c9a9d4}</UniqueIdentifier>
    </Filter>
    <Filter Include="Sources\Listas">
      <UniqueIdentifier>{b3660a0b-c68d-4231-80f2-97ce240c8a2d}</UniqueIdentifier>
    </Filter>
    <Filter Include="Sources\Menu">
      <UniqueIdentifier>{70f9b1a9-d384-41e1-8adb-a2908d1649c3}</UniqueIdentifier>
    </Filter>
    <Filter Include="Headers\Controle">
      <UniqueIdentifier>{87e21b5b-2dc9-416a-b772-1652a94a4154}</UniqueIdentifier>
    </Filter>
    <Filter Include="Headers\Entidade">
      <UniqueIdentifier>{de2ec580-04ce-4720-a18a-01e6efd4e3ab}</UniqueIdentifier>
    </Filter>
    <Filter Include="Headers\Entidade\Personagem">
      <UniqueIdentifier>{125321b0-93b5-437a-93a9-1e6e13af5ff4}</UniqueIdentifier>
    </Filter>
    <Filter Include="Headers\Entidade\Obstaculo">
      <UniqueIdentifier>{f0b4af02-a5df-498c-ac9a-fd769ada3ade}</UniqueIdentifier>
    </Filter>
    <Filter Include="Headers\Gerenciadores">
      <UniqueIdentifier>{041069d9-9930-4a5f-a1df-d7f5c270b4f3}</UniqueIdentifier>
    </Filter>
    <Filter Include="Headers\Fases">
      <UniqueIdentifier>{bbdde12d-c55c-4316-9a70-c00b9c5e770a}</UniqueIdentifier>
    </Filter>
    <Filter Include="Headers\Estados">
      <UniqueIdentifier>{34fe1405-444d-4952-a93b-0930f023aba3}</UniqueIdentifier>
    </Filter>
    <Filter Include="Headers\Entidade\Personagem\Inimigo">
      <UniqueIdentifier>{3ac319f6-0a7c-4b85-99bc-6717f21d1e35}</UniqueIdentifier>
    </Filter>
    <Filter Include="Headers\Listas">
      <UniqueIdentifier>{f8ecef71-e78b-40e6-999c-cafd4151de51}</UniqueIdentifier>
    </Filter>
    <Filter Include="Headers\Menu">
      <UniqueIdentifier>{6d375dd3-2163-486b-82d2-440007b96f48}</UniqueIdentifier>
    </Filter>
    <Filter Include="Sources\Entidade\Personagem\Inimigo">
      <UniqueIdentifier>{e7842873-45e2-4873-8987-9380d0b7592d}</UniqueIdentifier>
    </Filter>
  </ItemGroup>
</Project>